
Microsoft Visual Studio Solution File, Format Version 12.00
# Visual Studio 15
VisualStudioVersion = 15.0.28010.2003
MinimumVisualStudioVersion = 10.0.40219.1
Project("{8BC9CEB8-8B4A-11D0-8D11-00A0C91BC942}") = "LetCode刷题", "LetCode刷题\LetCode刷题.vcxproj", "{83D348A1-CEC5-4CB6-A101-67E090927CEC}"
EndProject
Global
	GlobalSection(SolutionConfigurationPlatforms) = preSolution
		Debug|x64 = Debug|x64
		Debug|x86 = Debug|x86
		Release|x64 = Release|x64
		Release|x86 = Release|x86
	EndGlobalSection
	GlobalSection(ProjectConfigurationPlatforms) = postSolution
		{83D348A1-CEC5-4CB6-A101-67E090927CEC}.Debug|x64.ActiveCfg = Debug|x64
		{83D348A1-CEC5-4CB6-A101-67E090927CEC}.Debug|x64.Build.0 = Debug|x64
		{83D348A1-CEC5-4CB6-A101-67E090927CEC}.Debug|x86.ActiveCfg = Debug|Win32
		{83D348A1-CEC5-4CB6-A101-67E090927CEC}.Debug|x86.Build.0 = Debug|Win32
		{83D348A1-CEC5-4CB6-A101-67E090927CEC}.Release|x64.ActiveCfg = Release|x64
		{83D348A1-CEC5-4CB6-A101-67E090927CEC}.Release|x64.Build.0 = Release|x64
		{83D348A1-CEC5-4CB6-A101-67E090927CEC}.Release|x86.ActiveCfg = Release|Win32
		{83D348A1-CEC5-4CB6-A101-67E090927CEC}.Release|x86.Build.0 = Release|Win32
	EndGlobalSection
	GlobalSection(SolutionProperties) = preSolution
		HideSolutionNode = FALSE
	EndGlobalSection
	GlobalSection(ExtensibilityGlobals) = postSolution
		SolutionGuid = {E454E01C-46CF-4031-ABE1-AB0F3E023F27}
	EndGlobalSection
EndGlobal
